{
    "_meta": {
        "hash": {
            "sha256": "e99f096a0fbf70bf6a6826eced951077a149303a1cd879370b071ec37c8a8bc1"
        },
        "pipfile-spec": 6,
        "requires": {
            "python_version": "3.8"
        },
        "sources": [
            {
                "name": "pypi",
                "url": "https://pypi.org/simple",
                "verify_ssl": true
            }
        ]
    },
    "default": {
        "certifi": {
            "hashes": [
                "sha256:35824b4c3a97115964b408844d64aa14db1cc518f6562e8d7261699d1350a9e3",
                "sha256:4ad3232f5e926d6718ec31cfc1fcadfde020920e278684144551c91769c7bc18"
            ],
            "markers": "python_version >= '3.6'",
            "version": "==2022.12.7"
        },
        "elasticsearch": {
            "hashes": [
                "sha256:1840fea8c305224b8c28acabc8697f739cdfb03618f2d2427b42838971a787f6",
                "sha256:df35d8c638f946f098a74681b18611bdf27ba469fa2063e3dfc8bdc290b11419"
            ],
            "index": "pypi",
            "version": "==7.12.1"
        },
        "image-match": {
            "editable": true,
            "extras": [
                "docs"
            ],
            "path": "."
        },
        "imageio": {
            "hashes": [
                "sha256:169f1642cdb723133fe8fe901887f4f1b39bc036458c4664f1f9d256226ced35",
                "sha256:1a4fdb820abc52ba0f08e770ee46293c334908e8d53217808d9d888f993b1df2"
            ],
            "markers": "python_version >= '3.7'",
            "version": "==2.26.0"
        },
        "lazy-loader": {
            "hashes": [
                "sha256:623bd4831a40ce659d74472af40a58d016f2a5a047685409affbc2ba5c044641",
                "sha256:77ce7f2737ebabf9c0ff73b4a99c947876d74d24c2f026544e32246ecca5feca"
            ],
            "markers": "python_version >= '3.7'",
            "version": "==0.1"
        },
        "networkx": {
            "hashes": [
                "sha256:58058d66b1818043527244fab9d41a51fcd7dcc271748015f3c181b8a90c8e2e",
                "sha256:9a9992345353618ae98339c2b63d8201c381c2944f38a2ab49cb45a4c667e412"
            ],
            "markers": "python_version >= '3.8'",
            "version": "==3.0"
        },
        "numpy": {
            "hashes": [
                "sha256:003a9f530e880cb2cd177cba1af7220b9aa42def9c4afc2a2fc3ee6be7eb2b22",
                "sha256:150947adbdfeceec4e5926d956a06865c1c690f2fd902efede4ca6fe2e657c3f",
                "sha256:2620e8592136e073bd12ee4536149380695fbe9ebeae845b81237f986479ffc9",
                "sha256:2eabd64ddb96a1239791da78fa5f4e1693ae2dadc82a76bc76a14cbb2b966e96",
                "sha256:4173bde9fa2a005c2c6e2ea8ac1618e2ed2c1c6ec8a7657237854d42094123a0",
                "sha256:4199e7cfc307a778f72d293372736223e39ec9ac096ff0a2e64853b866a8e18a",
                "sha256:4cecaed30dc14123020f77b03601559fff3e6cd0c048f8b5289f4eeabb0eb281",
                "sha256:557d42778a6869c2162deb40ad82612645e21d79e11c1dc62c6e82a2220ffb04",
                "sha256:63e45511ee4d9d976637d11e6c9864eae50e12dc9598f531c035265991910468",
                "sha256:6524630f71631be2dabe0c541e7675db82651eb998496bbe16bc4f77f0772253",
                "sha256:76807b4063f0002c8532cfeac47a3068a69561e9c8715efdad3c642eb27c0756",
                "sha256:7de8fdde0003f4294655aa5d5f0a89c26b9f22c0a58790c38fae1ed392d44a5a",
                "sha256:889b2cc88b837d86eda1b17008ebeb679d82875022200c6e8e4ce6cf549b7acb",
                "sha256:92011118955724465fb6853def593cf397b4a1367495e0b59a7e69d40c4eb71d",
                "sha256:97cf27e51fa078078c649a51d7ade3c92d9e709ba2bfb97493007103c741f1d0",
                "sha256:9a23f8440561a633204a67fb44617ce2a299beecf3295f0d13c495518908e910",
                "sha256:a51725a815a6188c662fb66fb32077709a9ca38053f0274640293a14fdd22978",
                "sha256:a77d3e1163a7770164404607b7ba3967fb49b24782a6ef85d9b5f54126cc39e5",
                "sha256:adbdce121896fd3a17a77ab0b0b5eedf05a9834a18699db6829a64e1dfccca7f",
                "sha256:c29e6bd0ec49a44d7690ecb623a8eac5ab8a923bce0bea6293953992edf3a76a",
                "sha256:c72a6b2f4af1adfe193f7beb91ddf708ff867a3f977ef2ec53c0ffb8283ab9f5",
                "sha256:d0a2db9d20117bf523dde15858398e7c0858aadca7c0f088ac0d6edd360e9ad2",
                "sha256:e3ab5d32784e843fc0dd3ab6dcafc67ef806e6b6828dc6af2f689be0eb4d781d",
                "sha256:e428c4fbfa085f947b536706a2fc349245d7baa8334f0c5723c56a10595f9b95",
                "sha256:e8d2859428712785e8a8b7d2b3ef0a1d1565892367b32f915c4a4df44d0e64f5",
                "sha256:eef70b4fc1e872ebddc38cddacc87c19a3709c0e3e5d20bf3954c147b1dd941d",
                "sha256:f64bb98ac59b3ea3bf74b02f13836eb2e24e48e0ab0145bbda646295769bd780",
                "sha256:f9006288bcf4895917d02583cf3411f98631275bc67cce355a7f39f8c14338fa"
            ],
            "markers": "python_version >= '3.8'",
            "version": "==1.24.2"
        },
        "packaging": {
            "hashes": [
                "sha256:714ac14496c3e68c99c29b00845f7a2b85f3bb6f1078fd9f72fd20f0570002b2",
                "sha256:b6ad297f8907de0fa2fe1ccbd26fdaf387f5f47c7275fedf8cce89f99446cf97"
            ],
            "markers": "python_version >= '3.7'",
            "version": "==23.0"
        },
        "pillow": {
            "hashes": [
                "sha256:013016af6b3a12a2f40b704677f8b51f72cb007dac785a9933d5c86a72a7fe33",
                "sha256:0845adc64fe9886db00f5ab68c4a8cd933ab749a87747555cec1c95acea64b0b",
                "sha256:0884ba7b515163a1a05440a138adeb722b8a6ae2c2b33aea93ea3118dd3a899e",
                "sha256:09b89ddc95c248ee788328528e6a2996e09eaccddeeb82a5356e92645733be35",
                "sha256:0dd4c681b82214b36273c18ca7ee87065a50e013112eea7d78c7a1b89a739153",
                "sha256:0e51f608da093e5d9038c592b5b575cadc12fd748af1479b5e858045fff955a9",
                "sha256:0f3269304c1a7ce82f1759c12ce731ef9b6e95b6df829dccd9fe42912cc48569",
                "sha256:16a8df99701f9095bea8a6c4b3197da105df6f74e6176c5b410bc2df2fd29a57",
                "sha256:19005a8e58b7c1796bc0167862b1f54a64d3b44ee5d48152b06bb861458bc0f8",
                "sha256:1b4b4e9dda4f4e4c4e6896f93e84a8f0bcca3b059de9ddf67dac3c334b1195e1",
                "sha256:28676836c7796805914b76b1837a40f76827ee0d5398f72f7dcc634bae7c6264",
                "sha256:2968c58feca624bb6c8502f9564dd187d0e1389964898f5e9e1fbc8533169157",
                "sha256:3f4cc516e0b264c8d4ccd6b6cbc69a07c6d582d8337df79be1e15a5056b258c9",
                "sha256:3fa1284762aacca6dc97474ee9c16f83990b8eeb6697f2ba17140d54b453e133",
                "sha256:43521ce2c4b865d385e78579a082b6ad1166ebed2b1a2293c3be1d68dd7ca3b9",
                "sha256:451f10ef963918e65b8869e17d67db5e2f4ab40e716ee6ce7129b0cde2876eab",
                "sha256:46c259e87199041583658457372a183636ae8cd56dbf3f0755e0f376a7f9d0e6",
                "sha256:46f39cab8bbf4a384ba7cb0bc8bae7b7062b6a11cfac1ca4bc144dea90d4a9f5",
                "sha256:519e14e2c49fcf7616d6d2cfc5c70adae95682ae20f0395e9280db85e8d6c4df",
                "sha256:53dcb50fbdc3fb2c55431a9b30caeb2f7027fcd2aeb501459464f0214200a503",
                "sha256:54614444887e0d3043557d9dbc697dbb16cfb5a35d672b7a0fcc1ed0cf1c600b",
                "sha256:575d8912dca808edd9acd6f7795199332696d3469665ef26163cd090fa1f8bfa",
                "sha256:5dd5a9c3091a0f414a963d427f920368e2b6a4c2f7527fdd82cde8ef0bc7a327",
                "sha256:5f532a2ad4d174eb73494e7397988e22bf427f91acc8e6ebf5bb10597b49c493",
                "sha256:60e7da3a3ad1812c128750fc1bc14a7ceeb8d29f77e0a2356a8fb2aa8925287d",
                "sha256:653d7fb2df65efefbcbf81ef5fe5e5be931f1ee4332c2893ca638c9b11a409c4",
                "sha256:6663977496d616b618b6cfa43ec86e479ee62b942e1da76a2c3daa1c75933ef4",
                "sha256:6abfb51a82e919e3933eb137e17c4ae9c0475a25508ea88993bb59faf82f3b35",
                "sha256:6c6b1389ed66cdd174d040105123a5a1bc91d0aa7059c7261d20e583b6d8cbd2",
                "sha256:6d9dfb9959a3b0039ee06c1a1a90dc23bac3b430842dcb97908ddde05870601c",
                "sha256:765cb54c0b8724a7c12c55146ae4647e0274a839fb6de7bcba841e04298e1011",
                "sha256:7a21222644ab69ddd9967cfe6f2bb420b460dae4289c9d40ff9a4896e7c35c9a",
                "sha256:7ac7594397698f77bce84382929747130765f66406dc2cd8b4ab4da68ade4c6e",
                "sha256:7cfc287da09f9d2a7ec146ee4d72d6ea1342e770d975e49a8621bf54eaa8f30f",
                "sha256:83125753a60cfc8c412de5896d10a0a405e0bd88d0470ad82e0869ddf0cb3848",
                "sha256:847b114580c5cc9ebaf216dd8c8dbc6b00a3b7ab0131e173d7120e6deade1f57",
                "sha256:87708d78a14d56a990fbf4f9cb350b7d89ee8988705e58e39bdf4d82c149210f",
                "sha256:8a2b5874d17e72dfb80d917213abd55d7e1ed2479f38f001f264f7ce7bae757c",
                "sha256:8f127e7b028900421cad64f51f75c051b628db17fb00e099eb148761eed598c9",
                "sha256:94cdff45173b1919350601f82d61365e792895e3c3a3443cf99819e6fbf717a5",
                "sha256:99d92d148dd03fd19d16175b6d355cc1b01faf80dae93c6c3eb4163709edc0a9",
                "sha256:9a3049a10261d7f2b6514d35bbb7a4dfc3ece4c4de14ef5876c4b7a23a0e566d",
                "sha256:9d9a62576b68cd90f7075876f4e8444487db5eeea0e4df3ba298ee38a8d067b0",
                "sha256:9e5f94742033898bfe84c93c831a6f552bb629448d4072dd312306bab3bd96f1",
                "sha256:a1c2d7780448eb93fbcc3789bf3916aa5720d942e37945f4056680317f1cd23e",
                "sha256:a2e0f87144fcbbe54297cae708c5e7f9da21a4646523456b00cc956bd4c65815",
                "sha256:a4dfdae195335abb4e89cc9762b2edc524f3c6e80d647a9a81bf81e17e3fb6f0",
                "sha256:a96e6e23f2b79433390273eaf8cc94fec9c6370842e577ab10dabdcc7ea0a66b",
                "sha256:aabdab8ec1e7ca7f1434d042bf8b1e92056245fb179790dc97ed040361f16bfd",
                "sha256:b222090c455d6d1a64e6b7bb5f4035c4dff479e22455c9eaa1bdd4c75b52c80c",
                "sha256:b52ff4f4e002f828ea6483faf4c4e8deea8d743cf801b74910243c58acc6eda3",
                "sha256:b70756ec9417c34e097f987b4d8c510975216ad26ba6e57ccb53bc758f490dab",
                "sha256:b8c2f6eb0df979ee99433d8b3f6d193d9590f735cf12274c108bd954e30ca858",
                "sha256:b9b752ab91e78234941e44abdecc07f1f0d8f51fb62941d32995b8161f68cfe5",
                "sha256:ba6612b6548220ff5e9df85261bddc811a057b0b465a1226b39bfb8550616aee",
                "sha256:bd752c5ff1b4a870b7661234694f24b1d2b9076b8bf337321a814c612665f343",
                "sha256:c3c4ed2ff6760e98d262e0cc9c9a7f7b8a9f61aa4d47c58835cdaf7b0b8811bb",
                "sha256:c5c1362c14aee73f50143d74389b2c158707b4abce2cb055b7ad37ce60738d47",
                "sha256:cb362e3b0976dc994857391b776ddaa8c13c28a16f80ac6522c23d5257156bed",
                "sha256:d197df5489004db87d90b918033edbeee0bd6df3848a204bca3ff0a903bef837",
                "sha256:d3b56206244dc8711f7e8b7d6cad4663917cd5b2d950799425076681e8766286",
                "sha256:d5b2f8a31bd43e0f18172d8ac82347c8f37ef3e0b414431157718aa234991b28",
                "sha256:d7081c084ceb58278dd3cf81f836bc818978c0ccc770cbbb202125ddabec6628",
                "sha256:db74f5562c09953b2c5f8ec4b7dfd3f5421f31811e97d1dbc0a7c93d6e3a24df",
                "sha256:df41112ccce5d47770a0c13651479fbcd8793f34232a2dd9faeccb75eb5d0d0d",
                "sha256:e1339790c083c5a4de48f688b4841f18df839eb3c9584a770cbd818b33e26d5d",
                "sha256:e621b0246192d3b9cb1dc62c78cfa4c6f6d2ddc0ec207d43c0dedecb914f152a",
                "sha256:e8c5cf126889a4de385c02a2c3d3aba4b00f70234bfddae82a5eaa3ee6d5e3e6",
                "sha256:e9d7747847c53a16a729b6ee5e737cf170f7a16611c143d95aa60a109a59c336",
                "sha256:eaef5d2de3c7e9b21f1e762f289d17b726c2239a42b11e25446abf82b26ac132",
                "sha256:ed3e4b4e1e6de75fdc16d3259098de7c6571b1a6cc863b1a49e7d3d53e036070",
                "sha256:ef21af928e807f10bf4141cad4746eee692a0dd3ff56cfb25fce076ec3cc8abe",
                "sha256:f09598b416ba39a8f489c124447b007fe865f786a89dbfa48bb5cf395693132a",
                "sha256:f0caf4a5dcf610d96c3bd32932bfac8aee61c96e60481c2a0ea58da435e25acd",
                "sha256:f6e78171be3fb7941f9910ea15b4b14ec27725865a73c15277bc39f5ca4f8391",
                "sha256:f715c32e774a60a337b2bb8ad9839b4abf75b267a0f18806f6f4f5f1688c4b5a",
                "sha256:fb5c1ad6bad98c57482236a21bf985ab0ef42bd51f7ad4e4538e89a997624e12"
            ],
            "markers": "python_version >= '3.7'",
            "version": "==9.4.0"
        },
        "pywavelets": {
            "hashes": [
                "sha256:030670a213ee8fefa56f6387b0c8e7d970c7f7ad6850dc048bd7c89364771b9b",
                "sha256:058b46434eac4c04dd89aeef6fa39e4b6496a951d78c500b6641fd5b2cc2f9f4",
                "sha256:231b0e0b1cdc1112f4af3c24eea7bf181c418d37922a67670e9bf6cfa2d544d4",
                "sha256:23bafd60350b2b868076d976bdd92f950b3944f119b4754b1d7ff22b7acbf6c6",
                "sha256:3f19327f2129fb7977bc59b966b4974dfd72879c093e44a7287500a7032695de",
                "sha256:47cac4fa25bed76a45bc781a293c26ac63e8eaae9eb8f9be961758d22b58649c",
                "sha256:578af438a02a86b70f1975b546f68aaaf38f28fb082a61ceb799816049ed18aa",
                "sha256:6437af3ddf083118c26d8f97ab43b0724b956c9f958e9ea788659f6a2834ba93",
                "sha256:64c6bac6204327321db30b775060fbe8e8642316e6bff17f06b9f34936f88875",
                "sha256:67a0d28a08909f21400cb09ff62ba94c064882ffd9e3a6b27880a111211d59bd",
                "sha256:71ab30f51ee4470741bb55fc6b197b4a2b612232e30f6ac069106f0156342356",
                "sha256:7231461d7a8eb3bdc7aa2d97d9f67ea5a9f8902522818e7e2ead9c2b3408eeb1",
                "sha256:754fa5085768227c4f4a26c1e0c78bc509a266d9ebd0eb69a278be7e3ece943c",
                "sha256:7ab8d9db0fe549ab2ee0bea61f614e658dd2df419d5b75fba47baa761e95f8f2",
                "sha256:875d4d620eee655346e3589a16a73790cf9f8917abba062234439b594e706784",
                "sha256:88aa5449e109d8f5e7f0adef85f7f73b1ab086102865be64421a3a3d02d277f4",
                "sha256:91d3d393cffa634f0e550d88c0e3f217c96cfb9e32781f2960876f1808d9b45b",
                "sha256:9cb5ca8d11d3f98e89e65796a2125be98424d22e5ada360a0dbabff659fca0fc",
                "sha256:ab7da0a17822cd2f6545626946d3b82d1a8e106afc4b50e3387719ba01c7b966",
                "sha256:ad987748f60418d5f4138db89d82ba0cb49b086e0cbb8fd5c3ed4a814cfb705e",
                "sha256:d0e56cd7a53aed3cceca91a04d62feb3a0aca6725b1912d29546c26f6ea90426",
                "sha256:d854411eb5ee9cb4bc5d0e66e3634aeb8f594210f6a1bed96dbed57ec70f181c",
                "sha256:da7b9c006171be1f9ddb12cc6e0d3d703b95f7f43cb5e2c6f5f15d3233fcf202",
                "sha256:daf0aa79842b571308d7c31a9c43bc99a30b6328e6aea3f50388cd8f69ba7dbc",
                "sha256:de7cd61a88a982edfec01ea755b0740e94766e00a1ceceeafef3ed4c85c605cd"
            ],
            "markers": "python_version >= '3.8'",
            "version": "==1.4.1"
        },
        "sanitized-package": {
            "editable": true,
            "extras": [
                "docs"
            ],
            "path": "."
        },
        "scikit-image": {
            "hashes": [
                "sha256:049d955869620453b9e0568c2da62c8fec47bf3714be48b5d46bbaebb91bdc1f",
                "sha256:0ab378822fadc93db7e917a266d489ea33df3b42edfef197caaebbabbc2e4ecc",
                "sha256:13a5c1c81ee5bcb64ee8ca8f1a2cf371b0c4345ea6fb67c3052e1c6d5edbd936",
                "sha256:1794889d2dbb385c7ad5656363371ba0057b7a3335cda093a11415af84bb96e2",
                "sha256:1c123e6b0677dc1697c04b5bf2efb7110bcca511b4bc6967a38fa395ae5edf44",
                "sha256:1cd0486cb769d906307a3ec3884630be822d8ec2f41069e197336f904f584a33",
                "sha256:2118d610096754bca44b5d37328e1382e5fa7c6493803685100c9238e257d848",
                "sha256:2cd784fce18bd31d71ade62c6221440199ead03acf7544086261ee032264cf61",
                "sha256:2e9026161d0a698f532352dda6455a0bc13b1c9d831ea9279726b59d064df574",
                "sha256:3943d7355d02b40c066fd87cd5fe1b4f6637a16448e62333c4191a65ebf40a1c",
                "sha256:3cec8c5e8412ee19642a916648144186eb6b60c39fb6608ab478b4d1a4575e25",
                "sha256:76f2fd12b537daea806a078df9ea76f5cc5a529d5bd7c41d7d0a101e9c5f91c4",
                "sha256:79a400ffe35fc7f64d1d043f3d043e062015689ad5637c35cd5569edae87ae13",
                "sha256:8d719242ea7e7250d49e38d1e33c44c2dd59c3414ae085881d168b98cbb6059a",
                "sha256:a503ee85b444234ee88f34bf8674872dc37c6124ff60b7eb9242813de012ff4e",
                "sha256:a600374394b76b7fc260cef54e1be21047c4de0ecffb0b7f2f7392cd8ba16ffa",
                "sha256:b856efc75e3051bea6d40a8ffcdaabd5682783ece1aa91c3f6777c3372a98ca1",
                "sha256:c6797e3ef5fc53897bde131cfc3ceba6ce247d89cfe194fc8d3aba7f5c12aaf6",
                "sha256:df14f8a55dae511749b081d9402ea215ea7c641bd6f74f06aa7b623e132817df",
                "sha256:f667dcf01737248bc5bd0a99fad58475abeb6b6a8229aecee9fdb96cf988ae85",
                "sha256:fdd1fd258e78c86e382fd687177431088a40880bd785e0ab40ee5f3794366710"
            ],
            "index": "pypi",
            "version": "==0.20.0"
        },
        "scipy": {
            "hashes": [
                "sha256:0419485dbcd0ed78c0d5bf234c5dd63e86065b39b4d669e45810d42199d49521",
                "sha256:09412eb7fb60b8f00b328037fd814d25d261066ebc43a1e339cdce4f7502877e",
                "sha256:26d28c468900e6d5fdb37d2812ab46db0ccd22c63baa095057871faa3a498bc9",
                "sha256:34441dfbee5b002f9e15285014fd56e5e3372493c3e64ae297bae2c4b9659f5a",
                "sha256:39ab9240cd215a9349c85ab908dda6d732f7d3b4b192fa05780812495536acc4",
                "sha256:3bc1ab68b9a096f368ba06c3a5e1d1d50957a86665fc929c4332d21355e7e8f4",
                "sha256:3c6f5d1d4b9a5e4fe5e14f26ffc9444fc59473bbf8d45dc4a9a15283b7063a72",
                "sha256:47d1a95bd9d37302afcfe1b84c8011377c4f81e33649c5a5785db9ab827a6ade",
                "sha256:71487c503e036740635f18324f62a11f283a632ace9d35933b2b0a04fd898c98",
                "sha256:7a412c476a91b080e456229e413792bbb5d6202865dae963d1e6e28c2bb58691",
                "sha256:825951b88f56765aeb6e5e38ac9d7d47407cfaaeb008d40aa1b45a2d7ea2731e",
                "sha256:8cc81ac25659fec73599ccc52c989670e5ccd8974cf34bacd7b54a8d809aff1a",
                "sha256:8d3faa40ac16c6357aaf7ea50394ea6f1e8e99d75e927a51102b1943b311b4d9",
                "sha256:90c805f30c46cf60f1e76e947574f02954d25e3bb1e97aa8a07bc53aa31cf7d1",
                "sha256:96d7cf7b25c9f23c59a766385f6370dab0659741699ecc7a451f9b94604938ce",
                "sha256:b97b479f39c7e4aaf807efd0424dec74bbb379108f7d22cf09323086afcd312c",
                "sha256:bc4e2c77d4cd015d739e75e74ebbafed59ba8497a7ed0fd400231ed7683497c4",
                "sha256:c61b4a91a702e8e04aeb0bfc40460e1f17a640977c04dda8757efb0199c75332",
                "sha256:d79da472015d0120ba9b357b28a99146cd6c17b9609403164b1a8ed149b4dfc8",
                "sha256:e8fe305d9d67a81255e06203454729405706907dccbdfcc330b7b3482a6c371d",
                "sha256:eb954f5aca4d26f468bbebcdc5448348eb287f7bea536c6306f62ea062f63d9a",
                "sha256:f7c39f7dbb57cce00c108d06d731f3b0e2a4d3a95c66d96bce697684876ce4d4",
                "sha256:f950a04b33e17b38ff561d5a0951caf3f5b47caa841edd772ffb7959f20a6af0"
            ],
            "markers": "python_version < '3.10'",
            "version": "==1.9.1"
        },
        "tifffile": {
            "hashes": [
                "sha256:2d2baba8dea6609f553fe61853db9a61f715d60ba3bce6a20b5a1ab72407dfed",
                "sha256:8357cd8ccbdd4378ad4d6b84ffe3ab15b1d96630b1719f576d4de386f45546f1"
            ],
            "markers": "python_version >= '3.8'",
            "version": "==2023.2.28"
        },
        "urllib3": {
            "hashes": [
                "sha256:076907bf8fd355cde77728471316625a4d2f7e713c125f51953bb5b3eecf4f72",
                "sha256:75edcdc2f7d85b137124a6c3c9fc3933cdeaa12ecb9a6a959f22797a0feca7e1"
            ],
            "markers": "python_version >= '2.7' and python_version not in '3.0, 3.1, 3.2, 3.3, 3.4, 3.5'",
            "version": "==1.26.14"
        }
    },
    "develop": {
        "astroid": {
            "hashes": [
                "sha256:3975a0bd5373bdce166e60c851cfcbaf21ee96de80ec518c1f4cb3e94c3fb334",
                "sha256:ab7f36e8a78b8e54a62028ba6beef7561db4cdb6f2a5009ecc44a6f42b5697ef"
            ],
            "markers": "python_version ~= '3.6'",
            "version": "==2.6.6"
        },
        "attrs": {
            "hashes": [
                "sha256:29e95c7f6778868dbd49170f98f8818f78f3dc5e0e37c0b1f474e3561b240836",
                "sha256:c9227bfc2f01993c03f68db37d1d15c9690188323c067c641f1a35ca58185f99"
            ],
            "markers": "python_version >= '3.6'",
            "version": "==22.2.0"
        },
        "coverage": {
            "hashes": [
                "sha256:004d1880bed2d97151facef49f08e255a20ceb6f9432df75f4eef018fdd5a78c",
                "sha256:01d84219b5cdbfc8122223b39a954820929497a1cb1422824bb86b07b74594b6",
                "sha256:040af6c32813fa3eae5305d53f18875bedd079960822ef8ec067a66dd8afcd45",
                "sha256:06191eb60f8d8a5bc046f3799f8a07a2d7aefb9504b0209aff0b47298333302a",
                "sha256:13034c4409db851670bc9acd836243aeee299949bd5673e11844befcb0149f03",
                "sha256:13c4ee887eca0f4c5a247b75398d4114c37882658300e153113dafb1d76de529",
                "sha256:184a47bbe0aa6400ed2d41d8e9ed868b8205046518c52464fde713ea06e3a74a",
                "sha256:18ba8bbede96a2c3dde7b868de9dcbd55670690af0988713f0603f037848418a",
                "sha256:1aa846f56c3d49205c952d8318e76ccc2ae23303351d9270ab220004c580cfe2",
                "sha256:217658ec7187497e3f3ebd901afdca1af062b42cfe3e0dafea4cced3983739f6",
                "sha256:24d4a7de75446be83244eabbff746d66b9240ae020ced65d060815fac3423759",
                "sha256:2910f4d36a6a9b4214bb7038d537f015346f413a975d57ca6b43bf23d6563b53",
                "sha256:2949cad1c5208b8298d5686d5a85b66aae46d73eec2c3e08c817dd3513e5848a",
                "sha256:2a3859cb82dcbda1cfd3e6f71c27081d18aa251d20a17d87d26d4cd216fb0af4",
                "sha256:2cafbbb3af0733db200c9b5f798d18953b1a304d3f86a938367de1567f4b5bff",
                "sha256:2e0d881ad471768bf6e6c2bf905d183543f10098e3b3640fc029509530091502",
                "sha256:30c77c1dc9f253283e34c27935fded5015f7d1abe83bc7821680ac444eaf7793",
                "sha256:3487286bc29a5aa4b93a072e9592f22254291ce96a9fbc5251f566b6b7343cdb",
                "sha256:372da284cfd642d8e08ef606917846fa2ee350f64994bebfbd3afb0040436905",
                "sha256:41179b8a845742d1eb60449bdb2992196e211341818565abded11cfa90efb821",
                "sha256:44d654437b8ddd9eee7d1eaee28b7219bec228520ff809af170488fd2fed3e2b",
                "sha256:4a7697d8cb0f27399b0e393c0b90f0f1e40c82023ea4d45d22bce7032a5d7b81",
                "sha256:51cb9476a3987c8967ebab3f0fe144819781fca264f57f89760037a2ea191cb0",
                "sha256:52596d3d0e8bdf3af43db3e9ba8dcdaac724ba7b5ca3f6358529d56f7a166f8b",
                "sha256:53194af30d5bad77fcba80e23a1441c71abfb3e01192034f8246e0d8f99528f3",
                "sha256:5fec2d43a2cc6965edc0bb9e83e1e4b557f76f843a77a2496cbe719583ce8184",
                "sha256:6c90e11318f0d3c436a42409f2749ee1a115cd8b067d7f14c148f1ce5574d701",
                "sha256:74d881fc777ebb11c63736622b60cb9e4aee5cace591ce274fb69e582a12a61a",
                "sha256:7501140f755b725495941b43347ba8a2777407fc7f250d4f5a7d2a1050ba8e82",
                "sha256:796c9c3c79747146ebd278dbe1e5c5c05dd6b10cc3bcb8389dfdf844f3ead638",
                "sha256:869a64f53488f40fa5b5b9dcb9e9b2962a66a87dab37790f3fcfb5144b996ef5",
                "sha256:8963a499849a1fc54b35b1c9f162f4108017b2e6db2c46c1bed93a72262ed083",
                "sha256:8d0a0725ad7c1a0bcd8d1b437e191107d457e2ec1084b9f190630a4fb1af78e6",
                "sha256:900fbf7759501bc7807fd6638c947d7a831fc9fdf742dc10f02956ff7220fa90",
                "sha256:92b017ce34b68a7d67bd6d117e6d443a9bf63a2ecf8567bb3d8c6c7bc5014465",
                "sha256:970284a88b99673ccb2e4e334cfb38a10aab7cd44f7457564d11898a74b62d0a",
                "sha256:972c85d205b51e30e59525694670de6a8a89691186012535f9d7dbaa230e42c3",
                "sha256:9a1ef3b66e38ef8618ce5fdc7bea3d9f45f3624e2a66295eea5e57966c85909e",
                "sha256:af0e781009aaf59e25c5a678122391cb0f345ac0ec272c7961dc5455e1c40066",
                "sha256:b6d534e4b2ab35c9f93f46229363e17f63c53ad01330df9f2d6bd1187e5eaacf",
                "sha256:b7895207b4c843c76a25ab8c1e866261bcfe27bfaa20c192de5190121770672b",
                "sha256:c0891a6a97b09c1f3e073a890514d5012eb256845c451bd48f7968ef939bf4ae",
                "sha256:c2723d347ab06e7ddad1a58b2a821218239249a9e4365eaff6649d31180c1669",
                "sha256:d1f8bf7b90ba55699b3a5e44930e93ff0189aa27186e96071fac7dd0d06a1873",
                "sha256:d1f9ce122f83b2305592c11d64f181b87153fc2c2bbd3bb4a3dde8303cfb1a6b",
                "sha256:d314ed732c25d29775e84a960c3c60808b682c08d86602ec2c3008e1202e3bb6",
                "sha256:d636598c8305e1f90b439dbf4f66437de4a5e3c31fdf47ad29542478c8508bbb",
                "sha256:deee1077aae10d8fa88cb02c845cfba9b62c55e1183f52f6ae6a2df6a2187160",
                "sha256:ebe78fe9a0e874362175b02371bdfbee64d8edc42a044253ddf4ee7d3c15212c",
                "sha256:f030f8873312a16414c0d8e1a1ddff2d3235655a2174e3648b4fa66b3f2f1079",
                "sha256:f0b278ce10936db1a37e6954e15a3730bea96a0997c26d7fee88e6c396c2086d",
                "sha256:f11642dddbb0253cc8853254301b51390ba0081750a8ac03f20ea8103f0c56b6"
            ],
            "index": "pypi",
            "version": "==5.5"
        },
        "execnet": {
            "hashes": [
                "sha256:8f694f3ba9cc92cab508b152dcfe322153975c29bda272e2fd7f3f00f36e47c5",
                "sha256:a295f7cc774947aac58dde7fdc85f4aa00c42adf5d8f5468fc630c1acf30a142"
            ],
            "markers": "python_version >= '2.7' and python_version not in '3.0, 3.1, 3.2, 3.3, 3.4'",
            "version": "==1.9.0"
        },
        "iniconfig": {
            "hashes": [
                "sha256:2d91e135bf72d31a410b17c16da610a82cb55f6b0477d1a902134b24a455b8b3",
                "sha256:b6a85871a79d2e3b22d2d1b94ac2824226a63c6b741c88f7ae975f18b6778374"
            ],
            "markers": "python_version >= '3.7'",
            "version": "==2.0.0"
        },
        "isort": {
            "hashes": [
                "sha256:8bef7dde241278824a6d83f44a544709b065191b95b6e50894bdc722fcba0504",
                "sha256:f84c2818376e66cf843d497486ea8fed8700b340f308f076c6fb1229dff318b6"
            ],
            "markers": "python_full_version >= '3.8.0'",
            "version": "==5.12.0"
        },
        "lazy-object-proxy": {
            "hashes": [
                "sha256:09763491ce220c0299688940f8dc2c5d05fd1f45af1e42e636b2e8b2303e4382",
                "sha256:0a891e4e41b54fd5b8313b96399f8b0e173bbbfc03c7631f01efbe29bb0bcf82",
                "sha256:189bbd5d41ae7a498397287c408617fe5c48633e7755287b21d741f7db2706a9",
                "sha256:18b78ec83edbbeb69efdc0e9c1cb41a3b1b1ed11ddd8ded602464c3fc6020494",
                "sha256:1aa3de4088c89a1b69f8ec0dcc169aa725b0ff017899ac568fe44ddc1396df46",
                "sha256:212774e4dfa851e74d393a2370871e174d7ff0ebc980907723bb67d25c8a7c30",
                "sha256:2d0daa332786cf3bb49e10dc6a17a52f6a8f9601b4cf5c295a4f85854d61de63",
                "sha256:5f83ac4d83ef0ab017683d715ed356e30dd48a93746309c8f3517e1287523ef4",
                "sha256:659fb5809fa4629b8a1ac5106f669cfc7bef26fbb389dda53b3e010d1ac4ebae",
                "sha256:660c94ea760b3ce47d1855a30984c78327500493d396eac4dfd8bd82041b22be",
                "sha256:66a3de4a3ec06cd8af3f61b8e1ec67614fbb7c995d02fa224813cb7afefee701",
                "sha256:721532711daa7db0d8b779b0bb0318fa87af1c10d7fe5e52ef30f8eff254d0cd",
                "sha256:7322c3d6f1766d4ef1e51a465f47955f1e8123caee67dd641e67d539a534d006",
                "sha256:79a31b086e7e68b24b99b23d57723ef7e2c6d81ed21007b6281ebcd1688acb0a",
                "sha256:81fc4d08b062b535d95c9ea70dbe8a335c45c04029878e62d744bdced5141586",
                "sha256:8fa02eaab317b1e9e03f69aab1f91e120e7899b392c4fc19807a8278a07a97e8",
                "sha256:9090d8e53235aa280fc9239a86ae3ea8ac58eff66a705fa6aa2ec4968b95c821",
                "sha256:946d27deaff6cf8452ed0dba83ba38839a87f4f7a9732e8f9fd4107b21e6ff07",
                "sha256:9990d8e71b9f6488e91ad25f322898c136b008d87bf852ff65391b004da5e17b",
                "sha256:9cd077f3d04a58e83d04b20e334f678c2b0ff9879b9375ed107d5d07ff160171",
                "sha256:9e7551208b2aded9c1447453ee366f1c4070602b3d932ace044715d89666899b",
                "sha256:9f5fa4a61ce2438267163891961cfd5e32ec97a2c444e5b842d574251ade27d2",
                "sha256:b40387277b0ed2d0602b8293b94d7257e17d1479e257b4de114ea11a8cb7f2d7",
                "sha256:bfb38f9ffb53b942f2b5954e0f610f1e721ccebe9cce9025a38c8ccf4a5183a4",
                "sha256:cbf9b082426036e19c6924a9ce90c740a9861e2bdc27a4834fd0a910742ac1e8",
                "sha256:d9e25ef10a39e8afe59a5c348a4dbf29b4868ab76269f81ce1674494e2565a6e",
                "sha256:db1c1722726f47e10e0b5fdbf15ac3b8adb58c091d12b3ab713965795036985f",
                "sha256:e7c21c95cae3c05c14aafffe2865bbd5e377cfc1348c4f7751d9dc9a48ca4bda",
                "sha256:e8c6cfb338b133fbdbc5cfaa10fe3c6aeea827db80c978dbd13bc9dd8526b7d4",
                "sha256:ea806fd4c37bf7e7ad82537b0757999264d5f70c45468447bb2b91afdbe73a6e",
                "sha256:edd20c5a55acb67c7ed471fa2b5fb66cb17f61430b7a6b9c3b4a1e40293b1671",
                "sha256:f0117049dd1d5635bbff65444496c90e0baa48ea405125c088e93d9cf4525b11",
                "sha256:f0705c376533ed2a9e5e97aacdbfe04cecd71e0aa84c7c0595d02ef93b6e4455",
                "sha256:f12ad7126ae0c98d601a7ee504c1122bcef553d1d5e0c3bfa77b16b3968d2734",
                "sha256:f2457189d8257dd41ae9b434ba33298aec198e30adf2dcdaaa3a28b9994f6adb",
                "sha256:f699ac1c768270c9e384e4cbd268d6e67aebcfae6cd623b4d7c3bfde5a35db59"
            ],
            "markers": "python_version >= '3.7'",
            "version": "==1.9.0"
        },
        "mccabe": {
            "hashes": [
                "sha256:ab8a6258860da4b6677da4bd2fe5dc2c659cff31b3ee4f7f5d64e79735b80d42",
                "sha256:dd8d182285a0fe56bace7f45b5e7d1a6ebcbf524e8f3bd87eb0f125271b8831f"
            ],
            "version": "==0.6.1"
        },
        "packaging": {
            "hashes": [
                "sha256:714ac14496c3e68c99c29b00845f7a2b85f3bb6f1078fd9f72fd20f0570002b2",
                "sha256:b6ad297f8907de0fa2fe1ccbd26fdaf387f5f47c7275fedf8cce89f99446cf97"
            ],
            "markers": "python_version >= '3.7'",
            "version": "==23.0"
        },
        "pep8": {
            "hashes": [
                "sha256:b22cfae5db09833bb9bd7c8463b53e1a9c9b39f12e304a8d0bba729c501827ee",
                "sha256:fe249b52e20498e59e0b5c5256aa52ee99fc295b26ec9eaa85776ffdb9fe6374"
            ],
            "index": "pypi",
            "version": "==1.7.1"
        },
        "pluggy": {
            "hashes": [
                "sha256:15b2acde666561e1298d71b523007ed7364de07029219b604cf808bfa1c765b0",
                "sha256:966c145cd83c96502c3c3868f50408687b38434af77734af1e9ca461a4081d2d"
            ],
            "markers": "python_version >= '2.7' and python_version not in '3.0, 3.1, 3.2, 3.3'",
            "version": "==0.13.1"
        },
        "py": {
            "hashes": [
                "sha256:51c75c4126074b472f746a24399ad32f6053d1b34b68d2fa41e558e6f4a98719",
                "sha256:607c53218732647dff4acdfcd50cb62615cedf612e72d1724fb1a0cc6405b378"
            ],
            "markers": "python_version >= '2.7' and python_version not in '3.0, 3.1, 3.2, 3.3, 3.4'",
            "version": "==1.11.0"
        },
        "pyflakes": {
            "hashes": [
                "sha256:7893783d01b8a89811dd72d7dfd4d84ff098e5eed95cfa8905b22bbffe52efc3",
                "sha256:f5bc8ecabc05bb9d291eb5203d6810b49040f6ff446a756326104746cc00c1db"
            ],
            "index": "pypi",
            "version": "==2.3.1"
        },
        "pylint": {
            "hashes": [
                "sha256:586d8fa9b1891f4b725f587ef267abe2a1bad89d6b184520c7f07a253dd6e217",
                "sha256:f7e2072654a6b6afdf5e2fb38147d3e2d2d43c89f648637baab63e026481279b"
            ],
            "index": "pypi",
            "version": "==2.8.2"
        },
        "pytest": {
            "hashes": [
                "sha256:50bcad0a0b9c5a72c8e4e7c9855a3ad496ca6a881a3641b4260605450772c54b",
                "sha256:91ef2131a9bd6be8f76f1f08eac5c5317221d6ad1e143ae03894b862e8976890"
            ],
            "index": "pypi",
            "version": "==6.2.4"
        },
        "pytest-cov": {
            "hashes": [
                "sha256:359952d9d39b9f822d9d29324483e7ba04a3a17dd7d05aa6beb7ea01e359e5f7",
                "sha256:bdb9fdb0b85a7cc825269a4c56b48ccaa5c7e365054b6038772c32ddcdc969da"
            ],
            "index": "pypi",
            "version": "==2.11.1"
        },
        "pytest-forked": {
            "hashes": [
                "sha256:4dafd46a9a600f65d822b8f605133ecf5b3e1941ebb3588e943b4e3eb71a5a3f",
                "sha256:810958f66a91afb1a1e2ae83089d8dc1cd2437ac96b12963042fbb9fb4d16af0"
            ],
            "markers": "python_version >= '3.7'",
            "version": "==1.6.0"
        },
        "pytest-runner": {
            "hashes": [
                "sha256:448959d9ada752de2b369cf05c1c0f9e6d2027e7d32441187c16c24c1d4d6e77",
                "sha256:ca3f58ff4957e8be6c54c55d575b235725cbbcf4dc0d5091c29c6444cfc8a5fe"
            ],
            "index": "pypi",
            "version": "==5.3.0"
        },
        "pytest-xdist": {
            "hashes": [
                "sha256:2447a1592ab41745955fb870ac7023026f20a5f0bfccf1b52a879bd193d46450",
                "sha256:718887296892f92683f6a51f25a3ae584993b06f7076ce1e1fd482e59a8220a2"
            ],
            "index": "pypi",
            "version": "==2.2.1"
        },
        "setuptools": {
            "hashes": [
                "sha256:e5fd0a713141a4a105412233c63dc4e17ba0090c8e8334594ac790ec97792330",
                "sha256:f106dee1b506dee5102cc3f3e9e68137bbad6d47b616be7991714b0c62204251"
            ],
            "markers": "python_version >= '3.7'",
            "version": "==67.4.0"
        },
        "toml": {
            "hashes": [
                "sha256:806143ae5bfb6a3c6e736a764057db0e6a0e05e338b5630894a5f779cabb4f9b",
                "sha256:b3bda1d108d5dd99f4a20d24d9c348e91c4db7ab1b749200bded2f839ccbe68f"
            ],
            "markers": "python_version >= '2.6' and python_version not in '3.0, 3.1, 3.2, 3.3'",
            "version": "==0.10.2"
        },
        "wrapt": {
            "hashes": [
                "sha256:b62ffa81fb85f4332a4f609cab4ac40709470da05643a082ec1eb88e6d9b97d7"
            ],
            "version": "==1.12.1"
        }
    }
}
